
Microsoft Visual Studio Solution File, Format Version 12.00
Project("{FAE04EC0-301F-11D3-BF4B-00C04F79EFBC}") = "Policies", "Policies\Policies.csproj", "{E6F530BB-B018-4864-B846-0A73359C464F}"
EndProject
Project("{FAE04EC0-301F-11D3-BF4B-00C04F79EFBC}") = "Policies.Tests", "Policies.Tests\Policies.Tests.csproj", "{58628459-BA7A-4A3C-BC31-48E97FBB2A5B}"
EndProject
Global
	GlobalSection(SolutionConfigurationPlatforms) = preSolution
		Debug|Any CPU = Debug|Any CPU
		Release|Any CPU = Release|Any CPU
	EndGlobalSection
	GlobalSection(ProjectConfigurationPlatforms) = postSolution
		{E6F530BB-B018-4864-B846-0A73359C464F}.Debug|Any CPU.ActiveCfg = Debug|Any CPU
		{E6F530BB-B018-4864-B846-0A73359C464F}.Debug|Any CPU.Build.0 = Debug|Any CPU
		{E6F530BB-B018-4864-B846-0A73359C464F}.Release|Any CPU.ActiveCfg = Release|Any CPU
		{E6F530BB-B018-4864-B846-0A73359C464F}.Release|Any CPU.Build.0 = Release|Any CPU
		{58628459-BA7A-4A3C-BC31-48E97FBB2A5B}.Debug|Any CPU.ActiveCfg = Debug|Any CPU
		{58628459-BA7A-4A3C-BC31-48E97FBB2A5B}.Debug|Any CPU.Build.0 = Debug|Any CPU
		{58628459-BA7A-4A3C-BC31-48E97FBB2A5B}.Release|Any CPU.ActiveCfg = Release|Any CPU
		{58628459-BA7A-4A3C-BC31-48E97FBB2A5B}.Release|Any CPU.Build.0 = Release|Any CPU
	EndGlobalSection
EndGlobal
